
Microsoft Visual Studio Solution File, Format Version 12.00
# Visual Studio Version 16
VisualStudioVersion = 16.0.31005.135
MinimumVisualStudioVersion = 10.0.40219.1
Project("{FAE04EC0-301F-11D3-BF4B-00C04F79EFBC}") = "TP1PBO2021", "TP1PBO2021\TP1PBO2021.csproj", "{38DC7EE4-92FA-4D0D-BC27-5E237F9124B8}"
EndProject
Global
	GlobalSection(SolutionConfigurationPlatforms) = preSolution
		Debug|Any CPU = Debug|Any CPU
		Release|Any CPU = Release|Any CPU
	EndGlobalSection
	GlobalSection(ProjectConfigurationPlatforms) = postSolution
		{38DC7EE4-92FA-4D0D-BC27-5E237F9124B8}.Debug|Any CPU.ActiveCfg = Debug|Any CPU
		{38DC7EE4-92FA-4D0D-BC27-5E237F9124B8}.Debug|Any CPU.Build.0 = Debug|Any CPU
		{38DC7EE4-92FA-4D0D-BC27-5E237F9124B8}.Release|Any CPU.ActiveCfg = Release|Any CPU
		{38DC7EE4-92FA-4D0D-BC27-5E237F9124B8}.Release|Any CPU.Build.0 = Release|Any CPU
	EndGlobalSection
	GlobalSection(SolutionProperties) = preSolution
		HideSolutionNode = FALSE
	EndGlobalSection
	GlobalSection(ExtensibilityGlobals) = postSolution
		SolutionGuid = {47ABB7BD-D3C1-4BA2-B774-00C0B54D02BB}
	EndGlobalSection
EndGlobal
